
Microsoft Visual Studio Solution File, Format Version 12.00
# Visual Studio 15
VisualStudioVersion = 15.0.27428.2037
MinimumVisualStudioVersion = 10.0.40219.1
Project("{FAE04EC0-301F-11D3-BF4B-00C04F79EFBC}") = "CrawMusicWebSite", "CrawMusicWebSite\CrawMusicWebSite.csproj", "{9433E85B-A632-4D2D-A568-E3A7D694990F}"
EndProject
Global
	GlobalSection(SolutionConfigurationPlatforms) = preSolution
		Debug|Any CPU = Debug|Any CPU
		Release|Any CPU = Release|Any CPU
	EndGlobalSection
	GlobalSection(ProjectConfigurationPlatforms) = postSolution
		{9433E85B-A632-4D2D-A568-E3A7D694990F}.Debug|Any CPU.ActiveCfg = Debug|Any CPU
		{9433E85B-A632-4D2D-A568-E3A7D694990F}.Debug|Any CPU.Build.0 = Debug|Any CPU
		{9433E85B-A632-4D2D-A568-E3A7D694990F}.Release|Any CPU.ActiveCfg = Release|Any CPU
		{9433E85B-A632-4D2D-A568-E3A7D694990F}.Release|Any CPU.Build.0 = Release|Any CPU
	EndGlobalSection
	GlobalSection(SolutionProperties) = preSolution
		HideSolutionNode = FALSE
	EndGlobalSection
	GlobalSection(ExtensibilityGlobals) = postSolution
		SolutionGuid = {4CA4F97B-7E26-46CD-BBA7-8FA3F7D520D1}
	EndGlobalSection
EndGlobal
